
Microsoft Visual Studio Solution File, Format Version 12.00
# Visual Studio Version 16
VisualStudioVersion = 16.0.30225.117
MinimumVisualStudioVersion = 10.0.40219.1
Project("{FAE04EC0-301F-11D3-BF4B-00C04F79EFBC}") = "demogit", "demogit\demogit.csproj", "{95F34CE0-1801-43DA-9804-EBA40876DC70}"
EndProject
Global
	GlobalSection(SolutionConfigurationPlatforms) = preSolution
		Debug|Any CPU = Debug|Any CPU
		Release|Any CPU = Release|Any CPU
	EndGlobalSection
	GlobalSection(ProjectConfigurationPlatforms) = postSolution
		{95F34CE0-1801-43DA-9804-EBA40876DC70}.Debug|Any CPU.ActiveCfg = Debug|Any CPU
		{95F34CE0-1801-43DA-9804-EBA40876DC70}.Debug|Any CPU.Build.0 = Debug|Any CPU
		{95F34CE0-1801-43DA-9804-EBA40876DC70}.Release|Any CPU.ActiveCfg = Release|Any CPU
		{95F34CE0-1801-43DA-9804-EBA40876DC70}.Release|Any CPU.Build.0 = Release|Any CPU
	EndGlobalSection
	GlobalSection(SolutionProperties) = preSolution
		HideSolutionNode = FALSE
	EndGlobalSection
	GlobalSection(ExtensibilityGlobals) = postSolution
		SolutionGuid = {EDCB69AA-76FD-4449-B654-AB49F287E42C}
	EndGlobalSection
EndGlobal
